
Microsoft Visual Studio Solution File, Format Version 12.00
# Visual Studio 2013
VisualStudioVersion = 12.0.30501.0
MinimumVisualStudioVersion = 10.0.40219.1
Project("{FAE04EC0-301F-11D3-BF4B-00C04F79EFBC}") = "EgyenlitoLIB", "EgyenlitoLIB\EgyenlitoLIB.csproj", "{8CF4F7B8-E3E2-4B4C-9A0A-89C8448B5C69}"
EndProject
Project("{2150E333-8FDC-42A3-9474-1A3956D46DE8}") = "Egyenlito", "Egyenlito", "{9D2830D3-0C57-480C-B724-59074A4CE398}"
EndProject
Project("{D954291E-2A0B-460D-934E-DC6B0785DB48}") = "Egyenlito.Shared", "Egyenlito\Egyenlito.Shared\Egyenlito.Shared.shproj", "{4713E344-0751-4A1C-B6F1-F6DA05DFBC60}"
EndProject
Project("{FAE04EC0-301F-11D3-BF4B-00C04F79EFBC}") = "Egyenlito.Windows", "Egyenlito\Egyenlito.Windows\Egyenlito.Windows.csproj", "{DD3A0F43-B663-483D-BF71-D9AC94FB98CC}"
EndProject
Project("{FAE04EC0-301F-11D3-BF4B-00C04F79EFBC}") = "Egyenlito.WindowsPhone", "Egyenlito\Egyenlito.WindowsPhone\Egyenlito.WindowsPhone.csproj", "{0B822CAC-B9E8-4FBB-8017-B6093A1F1634}"
EndProject
Project("{FAE04EC0-301F-11D3-BF4B-00C04F79EFBC}") = "UniversalExtensions", "..\UniversalExtensions\UniversalExtensions.csproj", "{94688A06-7AD1-4537-ADB0-79306E3D8F00}"
EndProject
Global
	GlobalSection(SharedMSBuildProjectFiles) = preSolution
		Egyenlito\Egyenlito.Shared\Egyenlito.Shared.projitems*{dd3a0f43-b663-483d-bf71-d9ac94fb98cc}*SharedItemsImports = 4
		Egyenlito\Egyenlito.Shared\Egyenlito.Shared.projitems*{4713e344-0751-4a1c-b6f1-f6da05dfbc60}*SharedItemsImports = 13
		Egyenlito\Egyenlito.Shared\Egyenlito.Shared.projitems*{0b822cac-b9e8-4fbb-8017-b6093a1f1634}*SharedItemsImports = 4
	EndGlobalSection
	GlobalSection(SolutionConfigurationPlatforms) = preSolution
		Debug|Any CPU = Debug|Any CPU
		Debug|ARM = Debug|ARM
		Debug|x64 = Debug|x64
		Debug|x86 = Debug|x86
		Release|Any CPU = Release|Any CPU
		Release|ARM = Release|ARM
		Release|x64 = Release|x64
		Release|x86 = Release|x86
	EndGlobalSection
	GlobalSection(ProjectConfigurationPlatforms) = postSolution
		{8CF4F7B8-E3E2-4B4C-9A0A-89C8448B5C69}.Debug|Any CPU.ActiveCfg = Debug|Any CPU
		{8CF4F7B8-E3E2-4B4C-9A0A-89C8448B5C69}.Debug|Any CPU.Build.0 = Debug|Any CPU
		{8CF4F7B8-E3E2-4B4C-9A0A-89C8448B5C69}.Debug|ARM.ActiveCfg = Debug|Any CPU
		{8CF4F7B8-E3E2-4B4C-9A0A-89C8448B5C69}.Debug|x64.ActiveCfg = Debug|Any CPU
		{8CF4F7B8-E3E2-4B4C-9A0A-89C8448B5C69}.Debug|x86.ActiveCfg = Debug|Any CPU
		{8CF4F7B8-E3E2-4B4C-9A0A-89C8448B5C69}.Release|Any CPU.ActiveCfg = Release|Any CPU
		{8CF4F7B8-E3E2-4B4C-9A0A-89C8448B5C69}.Release|Any CPU.Build.0 = Release|Any CPU
		{8CF4F7B8-E3E2-4B4C-9A0A-89C8448B5C69}.Release|ARM.ActiveCfg = Release|Any CPU
		{8CF4F7B8-E3E2-4B4C-9A0A-89C8448B5C69}.Release|x64.ActiveCfg = Release|Any CPU
		{8CF4F7B8-E3E2-4B4C-9A0A-89C8448B5C69}.Release|x86.ActiveCfg = Release|Any CPU
		{DD3A0F43-B663-483D-BF71-D9AC94FB98CC}.Debug|Any CPU.ActiveCfg = Debug|Any CPU
		{DD3A0F43-B663-483D-BF71-D9AC94FB98CC}.Debug|Any CPU.Build.0 = Debug|Any CPU
		{DD3A0F43-B663-483D-BF71-D9AC94FB98CC}.Debug|Any CPU.Deploy.0 = Debug|Any CPU
		{DD3A0F43-B663-483D-BF71-D9AC94FB98CC}.Debug|ARM.ActiveCfg = Debug|ARM
		{DD3A0F43-B663-483D-BF71-D9AC94FB98CC}.Debug|ARM.Build.0 = Debug|ARM
		{DD3A0F43-B663-483D-BF71-D9AC94FB98CC}.Debug|ARM.Deploy.0 = Debug|ARM
		{DD3A0F43-B663-483D-BF71-D9AC94FB98CC}.Debug|x64.ActiveCfg = Debug|x64
		{DD3A0F43-B663-483D-BF71-D9AC94FB98CC}.Debug|x64.Build.0 = Debug|x64
		{DD3A0F43-B663-483D-BF71-D9AC94FB98CC}.Debug|x64.Deploy.0 = Debug|x64
		{DD3A0F43-B663-483D-BF71-D9AC94FB98CC}.Debug|x86.ActiveCfg = Debug|x86
		{DD3A0F43-B663-483D-BF71-D9AC94FB98CC}.Debug|x86.Build.0 = Debug|x86
		{DD3A0F43-B663-483D-BF71-D9AC94FB98CC}.Debug|x86.Deploy.0 = Debug|x86
		{DD3A0F43-B663-483D-BF71-D9AC94FB98CC}.Release|Any CPU.ActiveCfg = Release|Any CPU
		{DD3A0F43-B663-483D-BF71-D9AC94FB98CC}.Release|Any CPU.Build.0 = Release|Any CPU
		{DD3A0F43-B663-483D-BF71-D9AC94FB98CC}.Release|Any CPU.Deploy.0 = Release|Any CPU
		{DD3A0F43-B663-483D-BF71-D9AC94FB98CC}.Release|ARM.ActiveCfg = Release|ARM
		{DD3A0F43-B663-483D-BF71-D9AC94FB98CC}.Release|ARM.Build.0 = Release|ARM
		{DD3A0F43-B663-483D-BF71-D9AC94FB98CC}.Release|ARM.Deploy.0 = Release|ARM
		{DD3A0F43-B663-483D-BF71-D9AC94FB98CC}.Release|x64.ActiveCfg = Release|x64
		{DD3A0F43-B663-483D-BF71-D9AC94FB98CC}.Release|x64.Build.0 = Release|x64
		{DD3A0F43-B663-483D-BF71-D9AC94FB98CC}.Release|x64.Deploy.0 = Release|x64
		{DD3A0F43-B663-483D-BF71-D9AC94FB98CC}.Release|x86.ActiveCfg = Release|x86
		{DD3A0F43-B663-483D-BF71-D9AC94FB98CC}.Release|x86.Build.0 = Release|x86
		{DD3A0F43-B663-483D-BF71-D9AC94FB98CC}.Release|x86.Deploy.0 = Release|x86
		{0B822CAC-B9E8-4FBB-8017-B6093A1F1634}.Debug|Any CPU.ActiveCfg = Debug|Any CPU
		{0B822CAC-B9E8-4FBB-8017-B6093A1F1634}.Debug|Any CPU.Build.0 = Debug|Any CPU
		{0B822CAC-B9E8-4FBB-8017-B6093A1F1634}.Debug|Any CPU.Deploy.0 = Debug|Any CPU
		{0B822CAC-B9E8-4FBB-8017-B6093A1F1634}.Debug|ARM.ActiveCfg = Debug|ARM
		{0B822CAC-B9E8-4FBB-8017-B6093A1F1634}.Debug|ARM.Build.0 = Debug|ARM
		{0B822CAC-B9E8-4FBB-8017-B6093A1F1634}.Debug|ARM.Deploy.0 = Debug|ARM
		{0B822CAC-B9E8-4FBB-8017-B6093A1F1634}.Debug|x64.ActiveCfg = Debug|Any CPU
		{0B822CAC-B9E8-4FBB-8017-B6093A1F1634}.Debug|x86.ActiveCfg = Debug|x86
		{0B822CAC-B9E8-4FBB-8017-B6093A1F1634}.Debug|x86.Build.0 = Debug|x86
		{0B822CAC-B9E8-4FBB-8017-B6093A1F1634}.Debug|x86.Deploy.0 = Debug|x86
		{0B822CAC-B9E8-4FBB-8017-B6093A1F1634}.Release|Any CPU.ActiveCfg = Release|Any CPU
		{0B822CAC-B9E8-4FBB-8017-B6093A1F1634}.Release|Any CPU.Build.0 = Release|Any CPU
		{0B822CAC-B9E8-4FBB-8017-B6093A1F1634}.Release|Any CPU.Deploy.0 = Release|Any CPU
		{0B822CAC-B9E8-4FBB-8017-B6093A1F1634}.Release|ARM.ActiveCfg = Release|ARM
		{0B822CAC-B9E8-4FBB-8017-B6093A1F1634}.Release|ARM.Build.0 = Release|ARM
		{0B822CAC-B9E8-4FBB-8017-B6093A1F1634}.Release|ARM.Deploy.0 = Release|ARM
		{0B822CAC-B9E8-4FBB-8017-B6093A1F1634}.Release|x64.ActiveCfg = Release|Any CPU
		{0B822CAC-B9E8-4FBB-8017-B6093A1F1634}.Release|x86.ActiveCfg = Release|x86
		{0B822CAC-B9E8-4FBB-8017-B6093A1F1634}.Release|x86.Build.0 = Release|x86
		{0B822CAC-B9E8-4FBB-8017-B6093A1F1634}.Release|x86.Deploy.0 = Release|x86
		{94688A06-7AD1-4537-ADB0-79306E3D8F00}.Debug|Any CPU.ActiveCfg = Debug|Any CPU
		{94688A06-7AD1-4537-ADB0-79306E3D8F00}.Debug|Any CPU.Build.0 = Debug|Any CPU
		{94688A06-7AD1-4537-ADB0-79306E3D8F00}.Debug|ARM.ActiveCfg = Debug|Any CPU
		{94688A06-7AD1-4537-ADB0-79306E3D8F00}.Debug|x64.ActiveCfg = Debug|Any CPU
		{94688A06-7AD1-4537-ADB0-79306E3D8F00}.Debug|x86.ActiveCfg = Debug|Any CPU
		{94688A06-7AD1-4537-ADB0-79306E3D8F00}.Release|Any CPU.ActiveCfg = Release|Any CPU
		{94688A06-7AD1-4537-ADB0-79306E3D8F00}.Release|Any CPU.Build.0 = Release|Any CPU
		{94688A06-7AD1-4537-ADB0-79306E3D8F00}.Release|ARM.ActiveCfg = Release|Any CPU
		{94688A06-7AD1-4537-ADB0-79306E3D8F00}.Release|x64.ActiveCfg = Release|Any CPU
		{94688A06-7AD1-4537-ADB0-79306E3D8F00}.Release|x86.ActiveCfg = Release|Any CPU
	EndGlobalSection
	GlobalSection(SolutionProperties) = preSolution
		HideSolutionNode = FALSE
	EndGlobalSection
	GlobalSection(NestedProjects) = preSolution
		{4713E344-0751-4A1C-B6F1-F6DA05DFBC60} = {9D2830D3-0C57-480C-B724-59074A4CE398}
		{DD3A0F43-B663-483D-BF71-D9AC94FB98CC} = {9D2830D3-0C57-480C-B724-59074A4CE398}
		{0B822CAC-B9E8-4FBB-8017-B6093A1F1634} = {9D2830D3-0C57-480C-B724-59074A4CE398}
	EndGlobalSection
EndGlobal
